
Microsoft Visual Studio Solution File, Format Version 12.00
# Visual Studio Version 16
VisualStudioVersion = 16.0.30717.126
MinimumVisualStudioVersion = 10.0.40219.1
Project("{FAE04EC0-301F-11D3-BF4B-00C04F79EFBC}") = "DevStateManagement", "DevStateManagement\DevStateManagement.csproj", "{8872C2C8-1121-45C5-AD5F-70B66A752081}"
EndProject
Global
	GlobalSection(SolutionConfigurationPlatforms) = preSolution
		Debug|Any CPU = Debug|Any CPU
		Release|Any CPU = Release|Any CPU
	EndGlobalSection
	GlobalSection(ProjectConfigurationPlatforms) = postSolution
		{8872C2C8-1121-45C5-AD5F-70B66A752081}.Debug|Any CPU.ActiveCfg = Debug|Any CPU
		{8872C2C8-1121-45C5-AD5F-70B66A752081}.Debug|Any CPU.Build.0 = Debug|Any CPU
		{8872C2C8-1121-45C5-AD5F-70B66A752081}.Release|Any CPU.ActiveCfg = Release|Any CPU
		{8872C2C8-1121-45C5-AD5F-70B66A752081}.Release|Any CPU.Build.0 = Release|Any CPU
	EndGlobalSection
	GlobalSection(SolutionProperties) = preSolution
		HideSolutionNode = FALSE
	EndGlobalSection
	GlobalSection(ExtensibilityGlobals) = postSolution
		SolutionGuid = {B058A1FB-2A4D-4284-AA0A-E578EE25B625}
	EndGlobalSection
EndGlobal
